// !$*UTF8*$!
{
	archiveVersion = 1;
	classes = {
	};
	objectVersion = 50;
	objects = {

/* Begin PBXBuildFile section */
		21FE80E3218BEF7F001B92E7 /* AppDelegate.m in Sources */ = {isa = PBXBuildFile; fileRef = 21FE80E2218BEF7F001B92E7 /* AppDelegate.m */; };
		21FE80E6218BEF7F001B92E7 /* ViewController.m in Sources */ = {isa = PBXBuildFile; fileRef = 21FE80E5218BEF7F001B92E7 /* ViewController.m */; };
		21FE80E9218BEF7F001B92E7 /* Main.storyboard in Resources */ = {isa = PBXBuildFile; fileRef = 21FE80E7218BEF7F001B92E7 /* Main.storyboard */; };
		21FE80EB218BEF80001B92E7 /* Assets.xcassets in Resources */ = {isa = PBXBuildFile; fileRef = 21FE80EA218BEF80001B92E7 /* Assets.xcassets */; };
		21FE80EE218BEF80001B92E7 /* LaunchScreen.storyboard in Resources */ = {isa = PBXBuildFile; fileRef = 21FE80EC218BEF80001B92E7 /* LaunchScreen.storyboard */; };
		21FE80F1218BEF80001B92E7 /* main.m in Sources */ = {isa = PBXBuildFile; fileRef = 21FE80F0218BEF80001B92E7 /* main.m */; };
		21FE80FB218BEF80001B92E7 /* JXRSDahuaSDKTests.m in Sources */ = {isa = PBXBuildFile; fileRef = 21FE80FA218BEF80001B92E7 /* JXRSDahuaSDKTests.m */; };
		21FE8106218BEF80001B92E7 /* JXRSDahuaSDKUITests.m in Sources */ = {isa = PBXBuildFile; fileRef = 21FE8105218BEF80001B92E7 /* JXRSDahuaSDKUITests.m */; };
/* End PBXBuildFile section */

/* Begin PBXContainerItemProxy section */
		21FE80F7218BEF80001B92E7 /* PBXContainerItemProxy */ = {
			isa = PBXContainerItemProxy;
			containerPortal = 21FE80D6218BEF7F001B92E7 /* Project object */;
			proxyType = 1;
			remoteGlobalIDString = 21FE80DD218BEF7F001B92E7;
			remoteInfo = JXRSDahuaSDK;
		};
		21FE8102218BEF80001B92E7 /* PBXContainerItemProxy */ = {
			isa = PBXContainerItemProxy;
			containerPortal = 21FE80D6218BEF7F001B92E7 /* Project object */;
			proxyType = 1;
			remoteGlobalIDString = 21FE80DD218BEF7F001B92E7;
			remoteInfo = JXRSDahuaSDK;
		};
/* End PBXContainerItemProxy section */

/* Begin PBXFileReference section */
		21FE80DE218BEF7F001B92E7 /* JXRSDahuaSDK.app */ = {isa = PBXFileReference; explicitFileType = wrapper.application; includeInIndex = 0; path = JXRSDahuaSDK.app; sourceTree = BUILT_PRODUCTS_DIR; };
		21FE80E1218BEF7F001B92E7 /* AppDelegate.h */ = {isa = PBXFileReference; lastKnownFileType = sourcecode.c.h; path = AppDelegate.h; sourceTree = "<group>"; };
		21FE80E2218BEF7F001B92E7 /* AppDelegate.m */ = {isa = PBXFileReference; lastKnownFileType = sourcecode.c.objc; path = AppDelegate.m; sourceTree = "<group>"; };
		21FE80E4218BEF7F001B92E7 /* ViewController.h */ = {isa = PBXFileReference; lastKnownFileType = sourcecode.c.h; path = ViewController.h; sourceTree = "<group>"; };
		21FE80E5218BEF7F001B92E7 /* ViewController.m */ = {isa = PBXFileReference; lastKnownFileType = sourcecode.c.objc; path = ViewController.m; sourceTree = "<group>"; };
		21FE80E8218BEF7F001B92E7 /* Base */ = {isa = PBXFileReference; lastKnownFileType = file.storyboard; name = Base; path = Base.lproj/Main.storyboard; sourceTree = "<group>"; };
		21FE80EA218BEF80001B92E7 /* Assets.xcassets */ = {isa = PBXFileReference; lastKnownFileType = folder.assetcatalog; path = Assets.xcassets; sourceTree = "<group>"; };
		21FE80ED218BEF80001B92E7 /* Base */ = {isa = PBXFileReference; lastKnownFileType = file.storyboard; name = Base; path = Base.lproj/LaunchScreen.storyboard; sourceTree = "<group>"; };
		21FE80EF218BEF80001B92E7 /* Info.plist */ = {isa = PBXFileReference; lastKnownFileType = text.plist.xml; path = Info.plist; sourceTree = "<group>"; };
		21FE80F0218BEF80001B92E7 /* main.m */ = {isa = PBXFileReference; lastKnownFileType = sourcecode.c.objc; path = main.m; sourceTree = "<group>"; };
		21FE80F6218BEF80001B92E7 /* JXRSDahuaSDKTests.xctest */ = {isa = PBXFileReference; explicitFileType = wrapper.cfbundle; includeInIndex = 0; path = JXRSDahuaSDKTests.xctest; sourceTree = BUILT_PRODUCTS_DIR; };
		21FE80FA218BEF80001B92E7 /* JXRSDahuaSDKTests.m */ = {isa = PBXFileReference; lastKnownFileType = sourcecode.c.objc; path = JXRSDahuaSDKTests.m; sourceTree = "<group>"; };
		21FE80FC218BEF80001B92E7 /* Info.plist */ = {isa = PBXFileReference; lastKnownFileType = text.plist.xml; path = Info.plist; sourceTree = "<group>"; };
		21FE8101218BEF80001B92E7 /* JXRSDahuaSDKUITests.xctest */ = {isa = PBXFileReference; explicitFileType = wrapper.cfbundle; includeInIndex = 0; path = JXRSDahuaSDKUITests.xctest; sourceTree = BUILT_PRODUCTS_DIR; };
		21FE8105218BEF80001B92E7 /* JXRSDahuaSDKUITests.m */ = {isa = PBXFileReference; lastKnownFileType = sourcecode.c.objc; path = JXRSDahuaSDKUITests.m; sourceTree = "<group>"; };
		21FE8107218BEF80001B92E7 /* Info.plist */ = {isa = PBXFileReference; lastKnownFileType = text.plist.xml; path = Info.plist; sourceTree = "<group>"; };
/* End PBXFileReference section */

/* Begin PBXFrameworksBuildPhase section */
		21FE80DB218BEF7F001B92E7 /* Frameworks */ = {
			isa = PBXFrameworksBuildPhase;
			buildActionMask = 2147483647;
			files = (
			);
			runOnlyForDeploymentPostprocessing = 0;
		};
		21FE80F3218BEF80001B92E7 /* Frameworks */ = {
			isa = PBXFrameworksBuildPhase;
			buildActionMask = 2147483647;
			files = (
			);
			runOnlyForDeploymentPostprocessing = 0;
		};
		21FE80FE218BEF80001B92E7 /* Frameworks */ = {
			isa = PBXFrameworksBuildPhase;
			buildActionMask = 2147483647;
			files = (
			);
			runOnlyForDeploymentPostprocessing = 0;
		};
/* End PBXFrameworksBuildPhase section */

/* Begin PBXGroup section */
		21FE80D5218BEF7F001B92E7 = {
			isa = PBXGroup;
			children = (
				21FE80E0218BEF7F001B92E7 /* JXRSDahuaSDK */,
				21FE80F9218BEF80001B92E7 /* JXRSDahuaSDKTests */,
				21FE8104218BEF80001B92E7 /* JXRSDahuaSDKUITests */,
				21FE80DF218BEF7F001B92E7 /* Products */,
			);
			sourceTree = "<group>";
		};
		21FE80DF218BEF7F001B92E7 /* Products */ = {
			isa = PBXGroup;
			children = (
				21FE80DE218BEF7F001B92E7 /* JXRSDahuaSDK.app */,
				21FE80F6218BEF80001B92E7 /* JXRSDahuaSDKTests.xctest */,
				21FE8101218BEF80001B92E7 /* JXRSDahuaSDKUITests.xctest */,
			);
			name = Products;
			sourceTree = "<group>";
		};
		21FE80E0218BEF7F001B92E7 /* JXRSDahuaSDK */ = {
			isa = PBXGroup;
			children = (
				21FE80E1218BEF7F001B92E7 /* AppDelegate.h */,
				21FE80E2218BEF7F001B92E7 /* AppDelegate.m */,
				21FE80E4218BEF7F001B92E7 /* ViewController.h */,
				21FE80E5218BEF7F001B92E7 /* ViewController.m */,
				21FE80E7218BEF7F001B92E7 /* Main.storyboard */,
				21FE80EA218BEF80001B92E7 /* Assets.xcassets */,
				21FE80EC218BEF80001B92E7 /* LaunchScreen.storyboard */,
				21FE80EF218BEF80001B92E7 /* Info.plist */,
				21FE80F0218BEF80001B92E7 /* main.m */,
			);
			path = JXRSDahuaSDK;
			sourceTree = "<group>";
		};
		21FE80F9218BEF80001B92E7 /* JXRSDahuaSDKTests */ = {
			isa = PBXGroup;
			children = (
				21FE80FA218BEF80001B92E7 /* JXRSDahuaSDKTests.m */,
				21FE80FC218BEF80001B92E7 /* Info.plist */,
			);
			path = JXRSDahuaSDKTests;
			sourceTree = "<group>";
		};
		21FE8104218BEF80001B92E7 /* JXRSDahuaSDKUITests */ = {
			isa = PBXGroup;
			children = (
				21FE8105218BEF80001B92E7 /* JXRSDahuaSDKUITests.m */,
				21FE8107218BEF80001B92E7 /* Info.plist */,
			);
			path = JXRSDahuaSDKUITests;
			sourceTree = "<group>";
		};
/* End PBXGroup section */

/* Begin PBXNativeTarget section */
		21FE80DD218BEF7F001B92E7 /* JXRSDahuaSDK */ = {
			isa = PBXNativeTarget;
			buildConfigurationList = 21FE810A218BEF80001B92E7 /* Build configuration list for PBXNativeTarget "JXRSDahuaSDK" */;
			buildPhases = (
				21FE80DA218BEF7F001B92E7 /* Sources */,
				21FE80DB218BEF7F001B92E7 /* Frameworks */,
				21FE80DC218BEF7F001B92E7 /* Resources */,
			);
			buildRules = (
			);
			dependencies = (
			);
			name = JXRSDahuaSDK;
			productName = JXRSDahuaSDK;
			productReference = 21FE80DE218BEF7F001B92E7 /* JXRSDahuaSDK.app */;
			productType = "com.apple.product-type.application";
		};
		21FE80F5218BEF80001B92E7 /* JXRSDahuaSDKTests */ = {
			isa = PBXNativeTarget;
			buildConfigurationList = 21FE810D218BEF80001B92E7 /* Build configuration list for PBXNativeTarget "JXRSDahuaSDKTests" */;
			buildPhases = (
				21FE80F2218BEF80001B92E7 /* Sources */,
				21FE80F3218BEF80001B92E7 /* Frameworks */,
				21FE80F4218BEF80001B92E7 /* Resources */,
			);
			buildRules = (
			);
			dependencies = (
				21FE80F8218BEF80001B92E7 /* PBXTargetDependency */,
			);
			name = JXRSDahuaSDKTests;
			productName = JXRSDahuaSDKTests;
			productReference = 21FE80F6218BEF80001B92E7 /* JXRSDahuaSDKTests.xctest */;
			productType = "com.apple.product-type.bundle.unit-test";
		};
		21FE8100218BEF80001B92E7 /* JXRSDahuaSDKUITests */ = {
			isa = PBXNativeTarget;
			buildConfigurationList = 21FE8110218BEF80001B92E7 /* Build configuration list for PBXNativeTarget "JXRSDahuaSDKUITests" */;
			buildPhases = (
				21FE80FD218BEF80001B92E7 /* Sources */,
				21FE80FE218BEF80001B92E7 /* Frameworks */,
				21FE80FF218BEF80001B92E7 /* Resources */,
			);
			buildRules = (
			);
			dependencies = (
				21FE8103218BEF80001B92E7 /* PBXTargetDependency */,
			);
			name = JXRSDahuaSDKUITests;
			productName = JXRSDahuaSDKUITests;
			productReference = 21FE8101218BEF80001B92E7 /* JXRSDahuaSDKUITests.xctest */;
			productType = "com.apple.product-type.bundle.ui-testing";
		};
/* End PBXNativeTarget section */

/* Begin PBXProject section */
		21FE80D6218BEF7F001B92E7 /* Project object */ = {
			isa = PBXProject;
			attributes = {
				LastUpgradeCheck = 1000;
				ORGANIZATIONNAME = "tao cheng";
				TargetAttributes = {
					21FE80DD218BEF7F001B92E7 = {
						CreatedOnToolsVersion = 10.0;
					};
					21FE80F5218BEF80001B92E7 = {
						CreatedOnToolsVersion = 10.0;
						TestTargetID = 21FE80DD218BEF7F001B92E7;
					};
					21FE8100218BEF80001B92E7 = {
						CreatedOnToolsVersion = 10.0;
						TestTargetID = 21FE80DD218BEF7F001B92E7;
					};
				};
			};
			buildConfigurationList = 21FE80D9218BEF7F001B92E7 /* Build configuration list for PBXProject "JXRSDahuaSDK" */;
			compatibilityVersion = "Xcode 9.3";
			developmentRegion = en;
			hasScannedForEncodings = 0;
			knownRegions = (
				en,
				Base,
			);
			mainGroup = 21FE80D5218BEF7F001B92E7;
			productRefGroup = 21FE80DF218BEF7F001B92E7 /* Products */;
			projectDirPath = "";
			projectRoot = "";
			targets = (
				21FE80DD218BEF7F001B92E7 /* JXRSDahuaSDK */,
				21FE80F5218BEF80001B92E7 /* JXRSDahuaSDKTests */,
				21FE8100218BEF80001B92E7 /* JXRSDahuaSDKUITests */,
			);
		};
/* End PBXProject section */

/* Begin PBXResourcesBuildPhase section */
		21FE80DC218BEF7F001B92E7 /* Resources */ = {
			isa = PBXResourcesBuildPhase;
			buildActionMask = 2147483647;
			files = (
				21FE80EE218BEF80001B92E7 /* LaunchScreen.storyboard in Resources */,
				21FE80EB218BEF80001B92E7 /* Assets.xcassets in Resources */,
				21FE80E9218BEF7F001B92E7 /* Main.storyboard in Resources */,
			);
			runOnlyForDeploymentPostprocessing = 0;
		};
		21FE80F4218BEF80001B92E7 /* Resources */ = {
			isa = PBXResourcesBuildPhase;
			buildActionMask = 2147483647;
			files = (
			);
			runOnlyForDeploymentPostprocessing = 0;
		};
		21FE80FF218BEF80001B92E7 /* Resources */ = {
			isa = PBXResourcesBuildPhase;
			buildActionMask = 2147483647;
			files = (
			);
			runOnlyForDeploymentPostprocessing = 0;
		};
/* End PBXResourcesBuildPhase section */

/* Begin PBXSourcesBuildPhase section */
		21FE80DA218BEF7F001B92E7 /* Sources */ = {
			isa = PBXSourcesBuildPhase;
			buildActionMask = 2147483647;
			files = (
				21FE80E6218BEF7F001B92E7 /* ViewController.m in Sources */,
				21FE80F1218BEF80001B92E7 /* main.m in Sources */,
				21FE80E3218BEF7F001B92E7 /* AppDelegate.m in Sources */,
			);
			runOnlyForDeploymentPostprocessing = 0;
		};
		21FE80F2218BEF80001B92E7 /* Sources */ = {
			isa = PBXSourcesBuildPhase;
			buildActionMask = 2147483647;
			files = (
				21FE80FB218BEF80001B92E7 /* JXRSDahuaSDKTests.m in Sources */,
			);
			runOnlyForDeploymentPostprocessing = 0;
		};
		21FE80FD218BEF80001B92E7 /* Sources */ = {
			isa = PBXSourcesBuildPhase;
			buildActionMask = 2147483647;
			files = (
				21FE8106218BEF80001B92E7 /* JXRSDahuaSDKUITests.m in Sources */,
			);
			runOnlyForDeploymentPostprocessing = 0;
		};
/* End PBXSourcesBuildPhase section */

/* Begin PBXTargetDependency section */
		21FE80F8218BEF80001B92E7 /* PBXTargetDependency */ = {
			isa = PBXTargetDependency;
			target = 21FE80DD218BEF7F001B92E7 /* JXRSDahuaSDK */;
			targetProxy = 21FE80F7218BEF80001B92E7 /* PBXContainerItemProxy */;
		};
		21FE8103218BEF80001B92E7 /* PBXTargetDependency */ = {
			isa = PBXTargetDependency;
			target = 21FE80DD218BEF7F001B92E7 /* JXRSDahuaSDK */;
			targetProxy = 21FE8102218BEF80001B92E7 /* PBXContainerItemProxy */;
		};
/* End PBXTargetDependency section */

/* Begin PBXVariantGroup section */
		21FE80E7218BEF7F001B92E7 /* Main.storyboard */ = {
			isa = PBXVariantGroup;
			children = (
				21FE80E8218BEF7F001B92E7 /* Base */,
			);
			name = Main.storyboard;
			sourceTree = "<group>";
		};
		21FE80EC218BEF80001B92E7 /* LaunchScreen.storyboard */ = {
			isa = PBXVariantGroup;
			children = (
				21FE80ED218BEF80001B92E7 /* Base */,
			);
			name = LaunchScreen.storyboard;
			sourceTree = "<group>";
		};
/* End PBXVariantGroup section */

/* Begin XCBuildConfiguration section */
		21FE8108218BEF80001B92E7 /* Debug */ = {
			isa = XCBuildConfiguration;
			buildSettings = {
				ALWAYS_SEARCH_USER_PATHS = NO;
				CLANG_ANALYZER_NONNULL = YES;
				CLANG_ANALYZER_NUMBER_OBJECT_CONVERSION = YES_AGGRESSIVE;
				CLANG_CXX_LANGUAGE_STANDARD = "gnu++14";
				CLANG_CXX_LIBRARY = "libc++";
				CLANG_ENABLE_MODULES = YES;
				CLANG_ENABLE_OBJC_ARC = YES;
				CLANG_ENABLE_OBJC_WEAK = YES;
				CLANG_WARN_BLOCK_CAPTURE_AUTORELEASING = YES;
				CLANG_WARN_BOOL_CONVERSION = YES;
				CLANG_WARN_COMMA = YES;
				CLANG_WARN_CONSTANT_CONVERSION = YES;
				CLANG_WARN_DEPRECATED_OBJC_IMPLEMENTATIONS = YES;
				CLANG_WARN_DIRECT_OBJC_ISA_USAGE = YES_ERROR;
				CLANG_WARN_DOCUMENTATION_COMMENTS = YES;
				CLANG_WARN_EMPTY_BODY = YES;
				CLANG_WARN_ENUM_CONVERSION = YES;
				CLANG_WARN_INFINITE_RECURSION = YES;
				CLANG_WARN_INT_CONVERSION = YES;
				CLANG_WARN_NON_LITERAL_NULL_CONVERSION = YES;
				CLANG_WARN_OBJC_IMPLICIT_RETAIN_SELF = YES;
				CLANG_WARN_OBJC_LITERAL_CONVERSION = YES;
				CLANG_WARN_OBJC_ROOT_CLASS = YES_ERROR;
				CLANG_WARN_RANGE_LOOP_ANALYSIS = YES;
				CLANG_WARN_STRICT_PROTOTYPES = YES;
				CLANG_WARN_SUSPICIOUS_MOVE = YES;
				CLANG_WARN_UNGUARDED_AVAILABILITY = YES_AGGRESSIVE;
				CLANG_WARN_UNREACHABLE_CODE = YES;
				CLANG_WARN__DUPLICATE_METHOD_MATCH = YES;
				CODE_SIGN_IDENTITY = "iPhone Developer";
				COPY_PHASE_STRIP = NO;
				DEBUG_INFORMATION_FORMAT = dwarf;
				ENABLE_STRICT_OBJC_MSGSEND = YES;
				ENABLE_TESTABILITY = YES;
				GCC_C_LANGUAGE_STANDARD = gnu11;
				GCC_DYNAMIC_NO_PIC = NO;
				GCC_NO_COMMON_BLOCKS = YES;
				GCC_OPTIMIZATION_LEVEL = 0;
				GCC_PREPROCESSOR_DEFINITIONS = (
					"DEBUG=1",
					"$(inherited)",
				);
				GCC_WARN_64_TO_32_BIT_CONVERSION = YES;
				GCC_WARN_ABOUT_RETURN_TYPE = YES_ERROR;
				GCC_WARN_UNDECLARED_SELECTOR = YES;
				GCC_WARN_UNINITIALIZED_AUTOS = YES_AGGRESSIVE;
				GCC_WARN_UNUSED_FUNCTION = YES;
				GCC_WARN_UNUSED_VARIABLE = YES;
				IPHONEOS_DEPLOYMENT_TARGET = 12.0;
				MTL_ENABLE_DEBUG_INFO = INCLUDE_SOURCE;
				MTL_FAST_MATH = YES;
				ONLY_ACTIVE_ARCH = YES;
				SDKROOT = iphoneos;
			};
			name = Debug;
		};
		21FE8109218BEF80001B92E7 /* Release */ = {
			isa = XCBuildConfiguration;
			buildSettings = {
				ALWAYS_SEARCH_USER_PATHS = NO;
				CLANG_ANALYZER_NONNULL = YES;
				CLANG_ANALYZER_NUMBER_OBJECT_CONVERSION = YES_AGGRESSIVE;
				CLANG_CXX_LANGUAGE_STANDARD = "gnu++14";
				CLANG_CXX_LIBRARY = "libc++";
				CLANG_ENABLE_MODULES = YES;
				CLANG_ENABLE_OBJC_ARC = YES;
				CLANG_ENABLE_OBJC_WEAK = YES;
				CLANG_WARN_BLOCK_CAPTURE_AUTORELEASING = YES;
				CLANG_WARN_BOOL_CONVERSION = YES;
				CLANG_WARN_COMMA = YES;
				CLANG_WARN_CONSTANT_CONVERSION = YES;
				CLANG_WARN_DEPRECATED_OBJC_IMPLEMENTATIONS = YES;
				CLANG_WARN_DIRECT_OBJC_ISA_USAGE = YES_ERROR;
				CLANG_WARN_DOCUMENTATION_COMMENTS = YES;
				CLANG_WARN_EMPTY_BODY = YES;
				CLANG_WARN_ENUM_CONVERSION = YES;
				CLANG_WARN_INFINITE_RECURSION = YES;
				CLANG_WARN_INT_CONVERSION = YES;
				CLANG_WARN_NON_LITERAL_NULL_CONVERSION = YES;
				CLANG_WARN_OBJC_IMPLICIT_RETAIN_SELF = YES;
				CLANG_WARN_OBJC_LITERAL_CONVERSION = YES;
				CLANG_WARN_OBJC_ROOT_CLASS = YES_ERROR;
				CLANG_WARN_RANGE_LOOP_ANALYSIS = YES;
				CLANG_WARN_STRICT_PROTOTYPES = YES;
				CLANG_WARN_SUSPICIOUS_MOVE = YES;
				CLANG_WARN_UNGUARDED_AVAILABILITY = YES_AGGRESSIVE;
				CLANG_WARN_UNREACHABLE_CODE = YES;
				CLANG_WARN__DUPLICATE_METHOD_MATCH = YES;
				CODE_SIGN_IDENTITY = "iPhone Developer";
				COPY_PHASE_STRIP = NO;
				DEBUG_INFORMATION_FORMAT = "dwarf-with-dsym";
				ENABLE_NS_ASSERTIONS = NO;
				ENABLE_STRICT_OBJC_MSGSEND = YES;
				GCC_C_LANGUAGE_STANDARD = gnu11;
				GCC_NO_COMMON_BLOCKS = YES;
				GCC_WARN_64_TO_32_BIT_CONVERSION = YES;
				GCC_WARN_ABOUT_RETURN_TYPE = YES_ERROR;
				GCC_WARN_UNDECLARED_SELECTOR = YES;
				GCC_WARN_UNINITIALIZED_AUTOS = YES_AGGRESSIVE;
				GCC_WARN_UNUSED_FUNCTION = YES;
				GCC_WARN_UNUSED_VARIABLE = YES;
				IPHONEOS_DEPLOYMENT_TARGET = 12.0;
				MTL_ENABLE_DEBUG_INFO = NO;
				MTL_FAST_MATH = YES;
				SDKROOT = iphoneos;
				VALIDATE_PRODUCT = YES;
			};
			name = Release;
		};
		21FE810B218BEF80001B92E7 /* Debug */ = {
			isa = XCBuildConfiguration;
			buildSettings = {
				ASSETCATALOG_COMPILER_APPICON_NAME = AppIcon;
				CODE_SIGN_STYLE = Automatic;
				INFOPLIST_FILE = JXRSDahuaSDK/Info.plist;
				LD_RUNPATH_SEARCH_PATHS = (
					"$(inherited)",
					"@executable_path/Frameworks",
				);
				PRODUCT_BUNDLE_IDENTIFIER = JXRS.JXRSDahuaSDK;
				PRODUCT_NAME = "$(TARGET_NAME)";
				TARGETED_DEVICE_FAMILY = "1,2";
			};
			name = Debug;
		};
		21FE810C218BEF80001B92E7 /* Release */ = {
			isa = XCBuildConfiguration;
			buildSettings = {
				ASSETCATALOG_COMPILER_APPICON_NAME = AppIcon;
				CODE_SIGN_STYLE = Automatic;
				INFOPLIST_FILE = JXRSDahuaSDK/Info.plist;
				LD_RUNPATH_SEARCH_PATHS = (
					"$(inherited)",
					"@executable_path/Frameworks",
				);
				PRODUCT_BUNDLE_IDENTIFIER = JXRS.JXRSDahuaSDK;
				PRODUCT_NAME = "$(TARGET_NAME)";
				TARGETED_DEVICE_FAMILY = "1,2";
			};
			name = Release;
		};
		21FE810E218BEF80001B92E7 /* Debug */ = {
			isa = XCBuildConfiguration;
			buildSettings = {
				BUNDLE_LOADER = "$(TEST_HOST)";
				CODE_SIGN_STYLE = Automatic;
				INFOPLIST_FILE = JXRSDahuaSDKTests/Info.plist;
				LD_RUNPATH_SEARCH_PATHS = (
					"$(inherited)",
					"@executable_path/Frameworks",
					"@loader_path/Frameworks",
				);
				PRODUCT_BUNDLE_IDENTIFIER = JXRS.JXRSDahuaSDKTests;
				PRODUCT_NAME = "$(TARGET_NAME)";
				TARGETED_DEVICE_FAMILY = "1,2";
				TEST_HOST = "$(BUILT_PRODUCTS_DIR)/JXRSDahuaSDK.app/JXRSDahuaSDK";
			};
			name = Debug;
		};
		21FE810F218BEF80001B92E7 /* Release */ = {
			isa = XCBuildConfiguration;
			buildSettings = {
				BUNDLE_LOADER = "$(TEST_HOST)";
				CODE_SIGN_STYLE = Automatic;
				INFOPLIST_FILE = JXRSDahuaSDKTests/Info.plist;
				LD_RUNPATH_SEARCH_PATHS = (
					"$(inherited)",
					"@executable_path/Frameworks",
					"@loader_path/Frameworks",
				);
				PRODUCT_BUNDLE_IDENTIFIER = JXRS.JXRSDahuaSDKTests;
				PRODUCT_NAME = "$(TARGET_NAME)";
				TARGETED_DEVICE_FAMILY = "1,2";
				TEST_HOST = "$(BUILT_PRODUCTS_DIR)/JXRSDahuaSDK.app/JXRSDahuaSDK";
			};
			name = Release;
		};
		21FE8111218BEF80001B92E7 /* Debug */ = {
			isa = XCBuildConfiguration;
			buildSettings = {
				CODE_SIGN_STYLE = Automatic;
				INFOPLIST_FILE = JXRSDahuaSDKUITests/Info.plist;
				LD_RUNPATH_SEARCH_PATHS = (
					"$(inherited)",
					"@executable_path/Frameworks",
					"@loader_path/Frameworks",
				);
				PRODUCT_BUNDLE_IDENTIFIER = JXRS.JXRSDahuaSDKUITests;
				PRODUCT_NAME = "$(TARGET_NAME)";
				TARGETED_DEVICE_FAMILY = "1,2";
				TEST_TARGET_NAME = JXRSDahuaSDK;
			};
			name = Debug;
		};
		21FE8112218BEF80001B92E7 /* Release */ = {
			isa = XCBuildConfiguration;
			buildSettings = {
				CODE_SIGN_STYLE = Automatic;
				INFOPLIST_FILE = JXRSDahuaSDKUITests/Info.plist;
				LD_RUNPATH_SEARCH_PATHS = (
					"$(inherited)",
					"@executable_path/Frameworks",
					"@loader_path/Frameworks",
				);
				PRODUCT_BUNDLE_IDENTIFIER = JXRS.JXRSDahuaSDKUITests;
				PRODUCT_NAME = "$(TARGET_NAME)";
				TARGETED_DEVICE_FAMILY = "1,2";
				TEST_TARGET_NAME = JXRSDahuaSDK;
			};
			name = Release;
		};
/* End XCBuildConfiguration section */

/* Begin XCConfigurationList section */
		21FE80D9218BEF7F001B92E7 /* Build configuration list for PBXProject "JXRSDahuaSDK" */ = {
			isa = XCConfigurationList;
			buildConfigurations = (
				21FE8108218BEF80001B92E7 /* Debug */,
				21FE8109218BEF80001B92E7 /* Release */,
			);
			defaultConfigurationIsVisible = 0;
			defaultConfigurationName = Release;
		};
		21FE810A218BEF80001B92E7 /* Build configuration list for PBXNativeTarget "JXRSDahuaSDK" */ = {
			isa = XCConfigurationList;
			buildConfigurations = (
				21FE810B218BEF80001B92E7 /* Debug */,
				21FE810C218BEF80001B92E7 /* Release */,
			);
			defaultConfigurationIsVisible = 0;
			defaultConfigurationName = Release;
		};
		21FE810D218BEF80001B92E7 /* Build configuration list for PBXNativeTarget "JXRSDahuaSDKTests" */ = {
			isa = XCConfigurationList;
			buildConfigurations = (
				21FE810E218BEF80001B92E7 /* Debug */,
				21FE810F218BEF80001B92E7 /* Release */,
			);
			defaultConfigurationIsVisible = 0;
			defaultConfigurationName = Release;
		};
		21FE8110218BEF80001B92E7 /* Build configuration list for PBXNativeTarget "JXRSDahuaSDKUITests" */ = {
			isa = XCConfigurationList;
			buildConfigurations = (
				21FE8111218BEF80001B92E7 /* Debug */,
				21FE8112218BEF80001B92E7 /* Release */,
			);
			defaultConfigurationIsVisible = 0;
			defaultConfigurationName = Release;
		};
/* End XCConfigurationList section */
	};
	rootObject = 21FE80D6218BEF7F001B92E7 /* Project object */;
}
